
Microsoft Visual Studio Solution File, Format Version 12.00
# Visual Studio Version 16
VisualStudioVersion = 16.0.31702.278
MinimumVisualStudioVersion = 10.0.40219.1
Project("{FAE04EC0-301F-11D3-BF4B-00C04F79EFBC}") = "Lesson4", "Lesson4\Lesson4.csproj", "{1B099E0F-6F12-4D3A-866B-4707FD65B85F}"
EndProject
Global
	GlobalSection(SolutionConfigurationPlatforms) = preSolution
		Debug|Any CPU = Debug|Any CPU
		Release|Any CPU = Release|Any CPU
	EndGlobalSection
	GlobalSection(ProjectConfigurationPlatforms) = postSolution
		{1B099E0F-6F12-4D3A-866B-4707FD65B85F}.Debug|Any CPU.ActiveCfg = Debug|Any CPU
		{1B099E0F-6F12-4D3A-866B-4707FD65B85F}.Debug|Any CPU.Build.0 = Debug|Any CPU
		{1B099E0F-6F12-4D3A-866B-4707FD65B85F}.Release|Any CPU.ActiveCfg = Release|Any CPU
		{1B099E0F-6F12-4D3A-866B-4707FD65B85F}.Release|Any CPU.Build.0 = Release|Any CPU
	EndGlobalSection
	GlobalSection(SolutionProperties) = preSolution
		HideSolutionNode = FALSE
	EndGlobalSection
	GlobalSection(ExtensibilityGlobals) = postSolution
		SolutionGuid = {395751D7-4123-4052-A200-12E6EA28C87A}
	EndGlobalSection
EndGlobal
