
Microsoft Visual Studio Solution File, Format Version 12.00
# Visual Studio Version 16
VisualStudioVersion = 16.0.31702.278
MinimumVisualStudioVersion = 10.0.40219.1
Project("{FAE04EC0-301F-11D3-BF4B-00C04F79EFBC}") = "Lesson2CS1", "Lesson2CS1\Lesson2CS1.csproj", "{689B726A-442A-46A2-A0BF-34F6E2E771BF}"
EndProject
Global
	GlobalSection(SolutionConfigurationPlatforms) = preSolution
		Debug|Any CPU = Debug|Any CPU
		Release|Any CPU = Release|Any CPU
	EndGlobalSection
	GlobalSection(ProjectConfigurationPlatforms) = postSolution
		{689B726A-442A-46A2-A0BF-34F6E2E771BF}.Debug|Any CPU.ActiveCfg = Debug|Any CPU
		{689B726A-442A-46A2-A0BF-34F6E2E771BF}.Debug|Any CPU.Build.0 = Debug|Any CPU
		{689B726A-442A-46A2-A0BF-34F6E2E771BF}.Release|Any CPU.ActiveCfg = Release|Any CPU
		{689B726A-442A-46A2-A0BF-34F6E2E771BF}.Release|Any CPU.Build.0 = Release|Any CPU
	EndGlobalSection
	GlobalSection(SolutionProperties) = preSolution
		HideSolutionNode = FALSE
	EndGlobalSection
	GlobalSection(ExtensibilityGlobals) = postSolution
		SolutionGuid = {9D6182CB-A4FA-44E4-ABAE-E1ADCA724F51}
	EndGlobalSection
EndGlobal
