
Microsoft Visual Studio Solution File, Format Version 12.00
# Visual Studio Version 16
VisualStudioVersion = 16.0.30611.23
MinimumVisualStudioVersion = 10.0.40219.1
Project("{FAE04EC0-301F-11D3-BF4B-00C04F79EFBC}") = "CSV1", "CSV1\CSV1.csproj", "{13561337-2BEA-469E-BA25-064E73C475F9}"
EndProject
Global
	GlobalSection(SolutionConfigurationPlatforms) = preSolution
		Debug|Any CPU = Debug|Any CPU
		Release|Any CPU = Release|Any CPU
	EndGlobalSection
	GlobalSection(ProjectConfigurationPlatforms) = postSolution
		{13561337-2BEA-469E-BA25-064E73C475F9}.Debug|Any CPU.ActiveCfg = Debug|Any CPU
		{13561337-2BEA-469E-BA25-064E73C475F9}.Debug|Any CPU.Build.0 = Debug|Any CPU
		{13561337-2BEA-469E-BA25-064E73C475F9}.Release|Any CPU.ActiveCfg = Release|Any CPU
		{13561337-2BEA-469E-BA25-064E73C475F9}.Release|Any CPU.Build.0 = Release|Any CPU
	EndGlobalSection
	GlobalSection(SolutionProperties) = preSolution
		HideSolutionNode = FALSE
	EndGlobalSection
	GlobalSection(ExtensibilityGlobals) = postSolution
		SolutionGuid = {BC16F410-F2B1-4EC5-BAB0-4A2CEECC0C27}
	EndGlobalSection
EndGlobal
