
Microsoft Visual Studio Solution File, Format Version 12.00
# Visual Studio Version 16
VisualStudioVersion = 16.0.30611.23
MinimumVisualStudioVersion = 10.0.40219.1
Project("{FAE04EC0-301F-11D3-BF4B-00C04F79EFBC}") = "WindowsFormsApp", "WindowsFormsApp\WindowsFormsApp.csproj", "{4D3EA29D-33CC-4E96-BDE0-8895C2C36075}"
EndProject
Global
	GlobalSection(SolutionConfigurationPlatforms) = preSolution
		Debug|Any CPU = Debug|Any CPU
		Release|Any CPU = Release|Any CPU
	EndGlobalSection
	GlobalSection(ProjectConfigurationPlatforms) = postSolution
		{4D3EA29D-33CC-4E96-BDE0-8895C2C36075}.Debug|Any CPU.ActiveCfg = Debug|Any CPU
		{4D3EA29D-33CC-4E96-BDE0-8895C2C36075}.Debug|Any CPU.Build.0 = Debug|Any CPU
		{4D3EA29D-33CC-4E96-BDE0-8895C2C36075}.Release|Any CPU.ActiveCfg = Release|Any CPU
		{4D3EA29D-33CC-4E96-BDE0-8895C2C36075}.Release|Any CPU.Build.0 = Release|Any CPU
	EndGlobalSection
	GlobalSection(SolutionProperties) = preSolution
		HideSolutionNode = FALSE
	EndGlobalSection
	GlobalSection(ExtensibilityGlobals) = postSolution
		SolutionGuid = {892D9416-0CB4-4B53-A4C2-E5BF78AD40F3}
	EndGlobalSection
EndGlobal
