
Microsoft Visual Studio Solution File, Format Version 12.00
# Visual Studio Version 16
VisualStudioVersion = 16.0.30523.141
MinimumVisualStudioVersion = 10.0.40219.1
Project("{F184B08F-C81C-45F6-A57F-5ABD9991F28F}") = "WindowsApp1", "WindowsApp1\WindowsApp1.vbproj", "{15609250-5DCD-4278-A6F4-CE17B8CF498F}"
EndProject
Global
	GlobalSection(SolutionConfigurationPlatforms) = preSolution
		Debug|Any CPU = Debug|Any CPU
		Release|Any CPU = Release|Any CPU
	EndGlobalSection
	GlobalSection(ProjectConfigurationPlatforms) = postSolution
		{15609250-5DCD-4278-A6F4-CE17B8CF498F}.Debug|Any CPU.ActiveCfg = Debug|Any CPU
		{15609250-5DCD-4278-A6F4-CE17B8CF498F}.Debug|Any CPU.Build.0 = Debug|Any CPU
		{15609250-5DCD-4278-A6F4-CE17B8CF498F}.Release|Any CPU.ActiveCfg = Release|Any CPU
		{15609250-5DCD-4278-A6F4-CE17B8CF498F}.Release|Any CPU.Build.0 = Release|Any CPU
	EndGlobalSection
	GlobalSection(SolutionProperties) = preSolution
		HideSolutionNode = FALSE
	EndGlobalSection
	GlobalSection(ExtensibilityGlobals) = postSolution
		SolutionGuid = {66EAF751-A967-40DC-9374-5B5DCD7A3A8F}
	EndGlobalSection
EndGlobal
