
Microsoft Visual Studio Solution File, Format Version 12.00
# Visual Studio Version 16
VisualStudioVersion = 16.0.30523.141
MinimumVisualStudioVersion = 10.0.40219.1
Project("{FAE04EC0-301F-11D3-BF4B-00C04F79EFBC}") = "WindowsFormsApp4", "WindowsFormsApp4\WindowsFormsApp4.csproj", "{6ADDD3ED-230E-489B-B19E-B6FD078197FA}"
EndProject
Global
	GlobalSection(SolutionConfigurationPlatforms) = preSolution
		Debug|Any CPU = Debug|Any CPU
		Release|Any CPU = Release|Any CPU
	EndGlobalSection
	GlobalSection(ProjectConfigurationPlatforms) = postSolution
		{6ADDD3ED-230E-489B-B19E-B6FD078197FA}.Debug|Any CPU.ActiveCfg = Debug|Any CPU
		{6ADDD3ED-230E-489B-B19E-B6FD078197FA}.Debug|Any CPU.Build.0 = Debug|Any CPU
		{6ADDD3ED-230E-489B-B19E-B6FD078197FA}.Release|Any CPU.ActiveCfg = Release|Any CPU
		{6ADDD3ED-230E-489B-B19E-B6FD078197FA}.Release|Any CPU.Build.0 = Release|Any CPU
	EndGlobalSection
	GlobalSection(SolutionProperties) = preSolution
		HideSolutionNode = FALSE
	EndGlobalSection
	GlobalSection(ExtensibilityGlobals) = postSolution
		SolutionGuid = {D476BB2D-C8F7-4607-B1E2-86213F4B4C0C}
	EndGlobalSection
EndGlobal
