
Microsoft Visual Studio Solution File, Format Version 12.00
# Visual Studio Version 16
VisualStudioVersion = 16.0.31702.278
MinimumVisualStudioVersion = 10.0.40219.1
Project("{FAE04EC0-301F-11D3-BF4B-00C04F79EFBC}") = "Lesson1CS", "Lesson1CS\Lesson1CS.csproj", "{617393E4-0A13-4324-86B6-C7FDDD4C2C45}"
EndProject
Global
	GlobalSection(SolutionConfigurationPlatforms) = preSolution
		Debug|Any CPU = Debug|Any CPU
		Release|Any CPU = Release|Any CPU
	EndGlobalSection
	GlobalSection(ProjectConfigurationPlatforms) = postSolution
		{617393E4-0A13-4324-86B6-C7FDDD4C2C45}.Debug|Any CPU.ActiveCfg = Debug|Any CPU
		{617393E4-0A13-4324-86B6-C7FDDD4C2C45}.Debug|Any CPU.Build.0 = Debug|Any CPU
		{617393E4-0A13-4324-86B6-C7FDDD4C2C45}.Release|Any CPU.ActiveCfg = Release|Any CPU
		{617393E4-0A13-4324-86B6-C7FDDD4C2C45}.Release|Any CPU.Build.0 = Release|Any CPU
	EndGlobalSection
	GlobalSection(SolutionProperties) = preSolution
		HideSolutionNode = FALSE
	EndGlobalSection
	GlobalSection(ExtensibilityGlobals) = postSolution
		SolutionGuid = {3FE7F671-8B83-4CC7-820C-BA0E7E1A98E3}
	EndGlobalSection
EndGlobal
