
Microsoft Visual Studio Solution File, Format Version 12.00
# Visual Studio Version 16
VisualStudioVersion = 16.0.30611.23
MinimumVisualStudioVersion = 10.0.40219.1
Project("{F184B08F-C81C-45F6-A57F-5ABD9991F28F}") = "AverageProblems", "AverageProblems\AverageProblems.vbproj", "{B8B144EC-1111-4067-9B2E-C1E8E05133BA}"
EndProject
Global
	GlobalSection(SolutionConfigurationPlatforms) = preSolution
		Debug|Any CPU = Debug|Any CPU
		Release|Any CPU = Release|Any CPU
	EndGlobalSection
	GlobalSection(ProjectConfigurationPlatforms) = postSolution
		{B8B144EC-1111-4067-9B2E-C1E8E05133BA}.Debug|Any CPU.ActiveCfg = Debug|Any CPU
		{B8B144EC-1111-4067-9B2E-C1E8E05133BA}.Debug|Any CPU.Build.0 = Debug|Any CPU
		{B8B144EC-1111-4067-9B2E-C1E8E05133BA}.Release|Any CPU.ActiveCfg = Release|Any CPU
		{B8B144EC-1111-4067-9B2E-C1E8E05133BA}.Release|Any CPU.Build.0 = Release|Any CPU
	EndGlobalSection
	GlobalSection(SolutionProperties) = preSolution
		HideSolutionNode = FALSE
	EndGlobalSection
	GlobalSection(ExtensibilityGlobals) = postSolution
		SolutionGuid = {3FC96F43-2C6D-434D-82E6-BA3BC90EC1A6}
	EndGlobalSection
EndGlobal
