
Microsoft Visual Studio Solution File, Format Version 12.00
# Visual Studio Version 16
VisualStudioVersion = 16.0.30611.23
MinimumVisualStudioVersion = 10.0.40219.1
Project("{FAE04EC0-301F-11D3-BF4B-00C04F79EFBC}") = "DistributionCSharp", "DistributionCSharp\DistributionCSharp.csproj", "{DDDF71CA-E1FB-4638-8AAE-76562583F047}"
EndProject
Global
	GlobalSection(SolutionConfigurationPlatforms) = preSolution
		Debug|Any CPU = Debug|Any CPU
		Release|Any CPU = Release|Any CPU
	EndGlobalSection
	GlobalSection(ProjectConfigurationPlatforms) = postSolution
		{DDDF71CA-E1FB-4638-8AAE-76562583F047}.Debug|Any CPU.ActiveCfg = Debug|Any CPU
		{DDDF71CA-E1FB-4638-8AAE-76562583F047}.Debug|Any CPU.Build.0 = Debug|Any CPU
		{DDDF71CA-E1FB-4638-8AAE-76562583F047}.Release|Any CPU.ActiveCfg = Release|Any CPU
		{DDDF71CA-E1FB-4638-8AAE-76562583F047}.Release|Any CPU.Build.0 = Release|Any CPU
	EndGlobalSection
	GlobalSection(SolutionProperties) = preSolution
		HideSolutionNode = FALSE
	EndGlobalSection
	GlobalSection(ExtensibilityGlobals) = postSolution
		SolutionGuid = {6806872D-0323-47CB-B634-A4FB1E1F3A69}
	EndGlobalSection
EndGlobal
