
Microsoft Visual Studio Solution File, Format Version 12.00
# Visual Studio Version 16
VisualStudioVersion = 16.0.31702.278
MinimumVisualStudioVersion = 10.0.40219.1
Project("{FAE04EC0-301F-11D3-BF4B-00C04F79EFBC}") = "Lesson7A", "Lesson7A\Lesson7A.csproj", "{10472D0D-02AD-4DBD-9265-CF56CD09E825}"
EndProject
Global
	GlobalSection(SolutionConfigurationPlatforms) = preSolution
		Debug|Any CPU = Debug|Any CPU
		Release|Any CPU = Release|Any CPU
	EndGlobalSection
	GlobalSection(ProjectConfigurationPlatforms) = postSolution
		{10472D0D-02AD-4DBD-9265-CF56CD09E825}.Debug|Any CPU.ActiveCfg = Debug|Any CPU
		{10472D0D-02AD-4DBD-9265-CF56CD09E825}.Debug|Any CPU.Build.0 = Debug|Any CPU
		{10472D0D-02AD-4DBD-9265-CF56CD09E825}.Release|Any CPU.ActiveCfg = Release|Any CPU
		{10472D0D-02AD-4DBD-9265-CF56CD09E825}.Release|Any CPU.Build.0 = Release|Any CPU
	EndGlobalSection
	GlobalSection(SolutionProperties) = preSolution
		HideSolutionNode = FALSE
	EndGlobalSection
	GlobalSection(ExtensibilityGlobals) = postSolution
		SolutionGuid = {67A76E20-F2D9-495E-9B81-D934B9AA9221}
	EndGlobalSection
EndGlobal
